
Microsoft Visual Studio Solution File, Format Version 12.00
# Visual Studio Version 17
VisualStudioVersion = 17.11.35219.272
MinimumVisualStudioVersion = 10.0.40219.1
Project("{FAE04EC0-301F-11D3-BF4B-00C04F79EFBC}") = "MenuConfig2.0", "MenuConfig2.0.csproj", "{FD45F283-40DB-4DDC-9711-62A726171632}"
EndProject
Global
	GlobalSection(SolutionConfigurationPlatforms) = preSolution
		Debug|Any CPU = Debug|Any CPU
		Release|Any CPU = Release|Any CPU
	EndGlobalSection
	GlobalSection(ProjectConfigurationPlatforms) = postSolution
		{FD45F283-40DB-4DDC-9711-62A726171632}.Debug|Any CPU.ActiveCfg = Debug|Any CPU
		{FD45F283-40DB-4DDC-9711-62A726171632}.Debug|Any CPU.Build.0 = Debug|Any CPU
		{FD45F283-40DB-4DDC-9711-62A726171632}.Release|Any CPU.ActiveCfg = Release|Any CPU
		{FD45F283-40DB-4DDC-9711-62A726171632}.Release|Any CPU.Build.0 = Release|Any CPU
	EndGlobalSection
	GlobalSection(SolutionProperties) = preSolution
		HideSolutionNode = FALSE
	EndGlobalSection
	GlobalSection(ExtensibilityGlobals) = postSolution
		SolutionGuid = {E34277AC-02E8-442C-97AA-F80051900FDF}
	EndGlobalSection
EndGlobal
